{
  "name": "boss",
  "version": "3.0.0",
  "lockfileVersion": 1,
  "requires": true,
  "dependencies": {
    "@sentry/cli": {
      "version": "1.55.2",
      "resolved": "https://nexus.hosjoy.com/repository/npm-group/@sentry/cli/-/cli-1.55.2.tgz",
      "integrity": "sha1-18Msh74ftbdGmzxXIpF3KWrZo2Q=",
      "dev": true,
      "requires": {
        "https-proxy-agent": "^5.0.0",
        "mkdirp": "^0.5.5",
        "node-fetch": "^2.6.0",
        "progress": "^2.0.3",
        "proxy-from-env": "^1.1.0"
      }
    },
    "@sentry/webpack-plugin": {
      "version": "1.12.1",
      "resolved": "https://nexus.hosjoy.com/repository/npm-group/@sentry/webpack-plugin/-/webpack-plugin-1.12.1.tgz",
      "integrity": "sha1-THDHbz+v/M/xYBaVvnQq+Arqvtk=",
      "dev": true,
      "requires": {
        "@sentry/cli": "^1.55.0"
      }
    },
    "agent-base": {
      "version": "6.0.1",
      "resolved": "https://nexus.hosjoy.com/repository/npm-group/agent-base/-/agent-base-6.0.1.tgz",
      "integrity": "sha1-gIAH5OWGfeywq2qy+Sj721pZbbQ=",
      "dev": true,
      "requires": {
        "debug": "4"
      }
    },
    "debug": {
      "version": "4.1.1",
      "resolved": "https://nexus.hosjoy.com/repository/npm-group/debug/-/debug-4.1.1.tgz",
      "integrity": "sha1-O3ImAlUQnGtYnO4FDx1RYTlmR5E=",
      "dev": true,
      "requires": {
        "ms": "^2.1.1"
      }
    },
    "hosjoy-ui": {
      "version": "2.0.0",
      "resolved": "http://192.168.20.248:4873/hosjoy-ui/-/hosjoy-ui-2.0.0.tgz",
      "integrity": "sha512-t1wFdPVcK4BPcgIeueYP9e9HYnx8+c6kGm1FauSU0jnhX2F+KgEIjVV0T09yyWa+MbSFTrWUo8kDMd2QL2cWbg=="
    },
    "https-proxy-agent": {
      "version": "5.0.0",
      "resolved": "https://nexus.hosjoy.com/repository/npm-group/https-proxy-agent/-/https-proxy-agent-5.0.0.tgz",
      "integrity": "sha1-4qkFQqu2inYuCghQ9sntrf2FBrI=",
      "dev": true,
      "requires": {
        "agent-base": "6",
        "debug": "4"
      }
    },
    "minimist": {
      "version": "1.2.5",
      "resolved": "https://nexus.hosjoy.com/repository/npm-group/minimist/-/minimist-1.2.5.tgz",
      "integrity": "sha1-Z9ZgFLZqaoqqDAg8X9WN9OTpdgI=",
      "dev": true
    },
    "mkdirp": {
      "version": "0.5.5",
      "resolved": "https://nexus.hosjoy.com/repository/npm-group/mkdirp/-/mkdirp-0.5.5.tgz",
      "integrity": "sha1-2Rzv1i0UNsoPQWIOJRKI1CAJne8=",
      "dev": true,
      "requires": {
        "minimist": "^1.2.5"
      }
    },
    "ms": {
      "version": "2.1.2",
      "resolved": "https://nexus.hosjoy.com/repository/npm-group/ms/-/ms-2.1.2.tgz",
      "integrity": "sha1-0J0fNXtEP0kzgqjrPM0YOHKuYAk=",
      "dev": true
    },
    "node-fetch": {
      "version": "2.6.0",
      "resolved": "https://nexus.hosjoy.com/repository/npm-group/node-fetch/-/node-fetch-2.6.0.tgz",
      "integrity": "sha1-5jNFY4bUqlWGP2dqerDaqP3ssP0=",
      "dev": true
    },
    "progress": {
      "version": "2.0.3",
      "resolved": "https://nexus.hosjoy.com/repository/npm-group/progress/-/progress-2.0.3.tgz",
      "integrity": "sha1-foz42PW48jnBvGi+tOt4Vn1XLvg=",
      "dev": true
    },
    "proxy-from-env": {
      "version": "1.1.0",
      "resolved": "https://nexus.hosjoy.com/repository/npm-group/proxy-from-env/-/proxy-from-env-1.1.0.tgz",
      "integrity": "sha1-4QLxbKNVQkhldV0sno6k8k1Yw+I=",
      "dev": true
    }
  }
}
